{
  "version": 4,
  "terraform_version": "0.13.0",
  "serial": 7,
  "lineage": "854b7aaf-94af-16d1-9b6b-28b232e13be8",
  "outputs": {},
  "resources": [
    {
      "mode": "managed",
      "type": "aws_instance",
      "name": "appserver",
      "provider": "provider[\"registry.terraform.io/hashicorp/aws\"]",
      "instances": [
        {
          "schema_version": 1,
          "attributes": {
            "ami": "ami-0fb673bc6ff8fc282",
            "arn": "arn:aws:ec2:eu-west-2:373481132046:instance/i-09b2e45632f90b875",
            "associate_public_ip_address": true,
            "availability_zone": "eu-west-2c",
            "cpu_core_count": 1,
            "cpu_threads_per_core": 1,
            "credit_specification": [
              {
                "cpu_credits": "standard"
              }
            ],
            "disable_api_termination": false,
            "ebs_block_device": [],
            "ebs_optimized": false,
            "ephemeral_block_device": [],
            "get_password_data": false,
            "hibernation": false,
            "host_id": null,
            "iam_instance_profile": "",
            "id": "i-09b2e45632f90b875",
            "instance_initiated_shutdown_behavior": null,
            "instance_state": "running",
            "instance_type": "t2.micro",
            "ipv6_address_count": 0,
            "ipv6_addresses": [],
            "key_name": "awsdev02",
            "metadata_options": [
              {
                "http_endpoint": "enabled",
                "http_put_response_hop_limit": 1,
                "http_tokens": "optional"
              }
            ],
            "monitoring": false,
            "network_interface": [],
            "outpost_arn": "",
            "password_data": "",
            "placement_group": "",
            "primary_network_interface_id": "eni-0fdae6aeb013d4e65",
            "private_dns": "ip-172-31-0-192.eu-west-2.compute.internal",
            "private_ip": "172.31.0.192",
            "public_dns": "ec2-3-8-167-249.eu-west-2.compute.amazonaws.com",
            "public_ip": "3.8.167.249",
            "root_block_device": [
              {
                "delete_on_termination": true,
                "device_name": "/dev/sda1",
                "encrypted": false,
                "iops": 100,
                "kms_key_id": "",
                "volume_id": "vol-0596d08f0ef199b64",
                "volume_size": 8,
                "volume_type": "gp2"
              }
            ],
            "secondary_private_ips": [],
            "security_groups": [
              "default"
            ],
            "source_dest_check": true,
            "subnet_id": "subnet-3ffba856",
            "tags": {
              "Name": "awsdevubapp02"
            },
            "tenancy": "default",
            "timeouts": null,
            "user_data": null,
            "user_data_base64": null,
            "volume_tags": {},
            "vpc_security_group_ids": [
              "sg-33127657"
            ]
          },
          "private": "eyJlMmJmYjczMC1lY2FhLTExZTYtOGY4OC0zNDM2M2JjN2M0YzAiOnsiY3JlYXRlIjo2MDAwMDAwMDAwMDAsImRlbGV0ZSI6MTIwMDAwMDAwMDAwMCwidXBkYXRlIjo2MDAwMDAwMDAwMDB9LCJzY2hlbWFfdmVyc2lvbiI6IjEifQ==",
          "dependencies": [
            "aws_key_pair.example"
          ]
        }
      ]
    },
    {
      "mode": "managed",
      "type": "aws_instance",
      "name": "dbserver",
      "provider": "provider[\"registry.terraform.io/hashicorp/aws\"]",
      "instances": [
        {
          "schema_version": 1,
          "attributes": {
            "ami": "ami-0fb673bc6ff8fc282",
            "arn": "arn:aws:ec2:eu-west-2:373481132046:instance/i-04c46df2a4a89cef4",
            "associate_public_ip_address": true,
            "availability_zone": "eu-west-2c",
            "cpu_core_count": 1,
            "cpu_threads_per_core": 1,
            "credit_specification": [
              {
                "cpu_credits": "standard"
              }
            ],
            "disable_api_termination": false,
            "ebs_block_device": [],
            "ebs_optimized": false,
            "ephemeral_block_device": [],
            "get_password_data": false,
            "hibernation": false,
            "host_id": null,
            "iam_instance_profile": "",
            "id": "i-04c46df2a4a89cef4",
            "instance_initiated_shutdown_behavior": null,
            "instance_state": "running",
            "instance_type": "t2.micro",
            "ipv6_address_count": 0,
            "ipv6_addresses": [],
            "key_name": "awsdev02",
            "metadata_options": [
              {
                "http_endpoint": "enabled",
                "http_put_response_hop_limit": 1,
                "http_tokens": "optional"
              }
            ],
            "monitoring": false,
            "network_interface": [],
            "outpost_arn": "",
            "password_data": "",
            "placement_group": "",
            "primary_network_interface_id": "eni-08a6930a8cf6a95b6",
            "private_dns": "ip-172-31-5-184.eu-west-2.compute.internal",
            "private_ip": "172.31.5.184",
            "public_dns": "ec2-3-10-5-13.eu-west-2.compute.amazonaws.com",
            "public_ip": "3.10.5.13",
            "root_block_device": [
              {
                "delete_on_termination": true,
                "device_name": "/dev/sda1",
                "encrypted": false,
                "iops": 100,
                "kms_key_id": "",
                "volume_id": "vol-0d3c99cf37f30228c",
                "volume_size": 8,
                "volume_type": "gp2"
              }
            ],
            "secondary_private_ips": [],
            "security_groups": [
              "default"
            ],
            "source_dest_check": true,
            "subnet_id": "subnet-3ffba856",
            "tags": {
              "Name": "awsdevubdb02"
            },
            "tenancy": "default",
            "timeouts": null,
            "user_data": null,
            "user_data_base64": null,
            "volume_tags": {},
            "vpc_security_group_ids": [
              "sg-33127657"
            ]
          },
          "private": "eyJlMmJmYjczMC1lY2FhLTExZTYtOGY4OC0zNDM2M2JjN2M0YzAiOnsiY3JlYXRlIjo2MDAwMDAwMDAwMDAsImRlbGV0ZSI6MTIwMDAwMDAwMDAwMCwidXBkYXRlIjo2MDAwMDAwMDAwMDB9LCJzY2hlbWFfdmVyc2lvbiI6IjEifQ==",
          "dependencies": [
            "aws_key_pair.example"
          ]
        }
      ]
    },
    {
      "mode": "managed",
      "type": "aws_instance",
      "name": "webserver",
      "provider": "provider[\"registry.terraform.io/hashicorp/aws\"]",
      "instances": [
        {
          "schema_version": 1,
          "attributes": {
            "ami": "ami-0fc841be1f929d7d1",
            "arn": "arn:aws:ec2:eu-west-2:373481132046:instance/i-02c4f8c30c348f63b",
            "associate_public_ip_address": true,
            "availability_zone": "eu-west-2c",
            "cpu_core_count": 1,
            "cpu_threads_per_core": 1,
            "credit_specification": [
              {
                "cpu_credits": "standard"
              }
            ],
            "disable_api_termination": false,
            "ebs_block_device": [],
            "ebs_optimized": false,
            "ephemeral_block_device": [],
            "get_password_data": false,
            "hibernation": false,
            "host_id": null,
            "iam_instance_profile": "",
            "id": "i-02c4f8c30c348f63b",
            "instance_initiated_shutdown_behavior": null,
            "instance_state": "running",
            "instance_type": "t2.micro",
            "ipv6_address_count": 0,
            "ipv6_addresses": [],
            "key_name": "awsdev02",
            "metadata_options": [
              {
                "http_endpoint": "enabled",
                "http_put_response_hop_limit": 1,
                "http_tokens": "optional"
              }
            ],
            "monitoring": false,
            "network_interface": [],
            "outpost_arn": "",
            "password_data": "",
            "placement_group": "",
            "primary_network_interface_id": "eni-0b617befb1a8837a3",
            "private_dns": "ip-172-31-2-35.eu-west-2.compute.internal",
            "private_ip": "172.31.2.35",
            "public_dns": "ec2-35-177-15-107.eu-west-2.compute.amazonaws.com",
            "public_ip": "35.177.15.107",
            "root_block_device": [
              {
                "delete_on_termination": true,
                "device_name": "/dev/sda1",
                "encrypted": false,
                "iops": 100,
                "kms_key_id": "",
                "volume_id": "vol-08c82f1b02656e2af",
                "volume_size": 10,
                "volume_type": "gp2"
              }
            ],
            "secondary_private_ips": [],
            "security_groups": [
              "default"
            ],
            "source_dest_check": true,
            "subnet_id": "subnet-3ffba856",
            "tags": {
              "Name": "awsdevrhweb02"
            },
            "tenancy": "default",
            "timeouts": null,
            "user_data": null,
            "user_data_base64": null,
            "volume_tags": {},
            "vpc_security_group_ids": [
              "sg-33127657"
            ]
          },
          "private": "eyJlMmJmYjczMC1lY2FhLTExZTYtOGY4OC0zNDM2M2JjN2M0YzAiOnsiY3JlYXRlIjo2MDAwMDAwMDAwMDAsImRlbGV0ZSI6MTIwMDAwMDAwMDAwMCwidXBkYXRlIjo2MDAwMDAwMDAwMDB9LCJzY2hlbWFfdmVyc2lvbiI6IjEifQ==",
          "dependencies": [
            "aws_key_pair.example"
          ]
        }
      ]
    },
    {
      "mode": "managed",
      "type": "aws_key_pair",
      "name": "example",
      "provider": "provider[\"registry.terraform.io/hashicorp/aws\"]",
      "instances": [
        {
          "schema_version": 1,
          "attributes": {
            "arn": "arn:aws:ec2:eu-west-2:373481132046:key-pair/awsdev02",
            "fingerprint": "c3:9a:61:b9:dc:d5:6f:6e:f9:c9:86:98:fc:9d:93:c0",
            "id": "awsdev02",
            "key_name": "awsdev02",
            "key_name_prefix": null,
            "key_pair_id": "key-0884c532fce82962d",
            "public_key": "ssh-rsa AAAAB3NzaC1yc2EAAAADAQABAAABAQDkmXAEUJFUFA7+pfIKpCq/3uCpFC5A3TbRSVoxmfEVMS9SifLh03oG/LSVsih66iZP9rqP+Zx9bfQ1EBKSnsHccdS4u7SMp2vnrPcj9eYLnLz5/4hStodVo9Nw8OhSbxlHUwHDKsbpWXywlPfUuQzb18tR+X2IR2cKRiwuFx3TsM4pyJ+YMSXffYXiD4konf1D0bT/JuoKLe0KNUM6fGtXuClR64iYWC+Q6fEXsyWDToZnEklZn/QoA0mT7wVukcynO/xI+wbseDCq290LRkR951aWonPvCKS3Rqm8KBW5V2jqih3sw4LDNuHDWZj14C5ZBk7aZp1niK47+MiPSVwL jenkins@vvrhel02",
            "tags": null
          },
          "private": "eyJzY2hlbWFfdmVyc2lvbiI6IjEifQ=="
        }
      ]
    },
    {
      "mode": "managed",
      "type": "local_file",
      "name": "AnsibleInventory",
      "provider": "provider[\"registry.terraform.io/hashicorp/local\"]",
      "instances": [
        {
          "schema_version": 0,
          "attributes": {
            "content": "[all]\nawsdevubapp02 ansible_host=3.8.167.249 ansible_connection=ssh ansible_user=ubuntu ansible_ssh_private_key_file=awsdev02 ansible_ssh_common_args='-o StrictHostKeyChecking=no'\nawsdevubdb02 ansible_host=3.10.5.13 ansible_connection=ssh ansible_user=ubuntu ansible_ssh_private_key_file=awsdev02 ansible_ssh_common_args='-o StrictHostKeyChecking=no'\nawsdevrhweb02 ansible_host=35.177.15.107 ansible_connection=ssh ansible_user=ec2-user  ansible_ssh_private_key_file=awsdev02 ansible_ssh_common_args='-o StrictHostKeyChecking=no'\n\n[aws_instances]\nawsdevubapp02\nawsdevubdb02\nawsdevrhweb02\n",
            "content_base64": null,
            "directory_permission": "0777",
            "file_permission": "0777",
            "filename": "inventory.txt",
            "id": "7c3bd390aee0bc16dd6925a6d84db023711d0682",
            "sensitive_content": null
          },
          "private": "bnVsbA==",
          "dependencies": [
            "aws_instance.appserver",
            "aws_instance.dbserver",
            "aws_instance.webserver",
            "aws_key_pair.example"
          ]
        }
      ]
    },
    {
      "mode": "managed",
      "type": "null_resource",
      "name": "for_ansible",
      "provider": "provider[\"registry.terraform.io/hashicorp/null\"]",
      "instances": [
        {
          "schema_version": 0,
          "attributes": {
            "id": "1271972923891485950",
            "triggers": null
          },
          "private": "bnVsbA==",
          "dependencies": [
            "aws_instance.appserver",
            "aws_instance.dbserver",
            "aws_instance.webserver",
            "aws_key_pair.example"
          ]
        }
      ]
    }
  ]
}
