{
  "version": 4,
  "terraform_version": "0.13.0",
  "serial": 312,
  "lineage": "0a0ed591-fcd7-0069-49b6-4eb5a149ddf7",
  "outputs": {},
  "resources": [
    {
      "mode": "managed",
      "type": "aws_instance",
      "name": "rhel1",
      "provider": "provider[\"registry.terraform.io/hashicorp/aws\"]",
      "instances": [
        {
          "schema_version": 1,
          "attributes": {
            "ami": "ami-0fc841be1f929d7d1",
            "arn": "arn:aws:ec2:eu-west-2:373481132046:instance/i-0cafb3cbbb4576c1f",
            "associate_public_ip_address": true,
            "availability_zone": "eu-west-2c",
            "cpu_core_count": 1,
            "cpu_threads_per_core": 1,
            "credit_specification": [
              {
                "cpu_credits": "standard"
              }
            ],
            "disable_api_termination": false,
            "ebs_block_device": [],
            "ebs_optimized": false,
            "ephemeral_block_device": [],
            "get_password_data": false,
            "hibernation": false,
            "host_id": null,
            "iam_instance_profile": "",
            "id": "i-0cafb3cbbb4576c1f",
            "instance_initiated_shutdown_behavior": null,
            "instance_state": "running",
            "instance_type": "t2.micro",
            "ipv6_address_count": 0,
            "ipv6_addresses": [],
            "key_name": "vvkey",
            "metadata_options": [
              {
                "http_endpoint": "enabled",
                "http_put_response_hop_limit": 1,
                "http_tokens": "optional"
              }
            ],
            "monitoring": false,
            "network_interface": [],
            "outpost_arn": "",
            "password_data": "",
            "placement_group": "",
            "primary_network_interface_id": "eni-0d5e79bd52b7f7713",
            "private_dns": "ip-172-31-12-145.eu-west-2.compute.internal",
            "private_ip": "172.31.12.145",
            "public_dns": "ec2-3-10-107-138.eu-west-2.compute.amazonaws.com",
            "public_ip": "3.10.107.138",
            "root_block_device": [
              {
                "delete_on_termination": true,
                "device_name": "/dev/sda1",
                "encrypted": false,
                "iops": 100,
                "kms_key_id": "",
                "volume_id": "vol-0c9716b964bf74a90",
                "volume_size": 10,
                "volume_type": "gp2"
              }
            ],
            "secondary_private_ips": [],
            "security_groups": [
              "default"
            ],
            "source_dest_check": true,
            "subnet_id": "subnet-3ffba856",
            "tags": {
              "Name": "rhel-apache"
            },
            "tenancy": "default",
            "timeouts": null,
            "user_data": null,
            "user_data_base64": null,
            "volume_tags": {},
            "vpc_security_group_ids": [
              "sg-33127657"
            ]
          },
          "private": "eyJlMmJmYjczMC1lY2FhLTExZTYtOGY4OC0zNDM2M2JjN2M0YzAiOnsiY3JlYXRlIjo2MDAwMDAwMDAwMDAsImRlbGV0ZSI6MTIwMDAwMDAwMDAwMCwidXBkYXRlIjo2MDAwMDAwMDAwMDB9LCJzY2hlbWFfdmVyc2lvbiI6IjEifQ==",
          "dependencies": [
            "aws_key_pair.example"
          ]
        }
      ]
    },
    {
      "mode": "managed",
      "type": "aws_instance",
      "name": "u1",
      "provider": "provider[\"registry.terraform.io/hashicorp/aws\"]",
      "instances": [
        {
          "schema_version": 1,
          "attributes": {
            "ami": "ami-0fb673bc6ff8fc282",
            "arn": "arn:aws:ec2:eu-west-2:373481132046:instance/i-086beb246a91f40ab",
            "associate_public_ip_address": true,
            "availability_zone": "eu-west-2c",
            "cpu_core_count": 1,
            "cpu_threads_per_core": 1,
            "credit_specification": [
              {
                "cpu_credits": "standard"
              }
            ],
            "disable_api_termination": false,
            "ebs_block_device": [],
            "ebs_optimized": false,
            "ephemeral_block_device": [],
            "get_password_data": false,
            "hibernation": false,
            "host_id": null,
            "iam_instance_profile": "",
            "id": "i-086beb246a91f40ab",
            "instance_initiated_shutdown_behavior": null,
            "instance_state": "running",
            "instance_type": "t2.micro",
            "ipv6_address_count": 0,
            "ipv6_addresses": [],
            "key_name": "vvkey",
            "metadata_options": [
              {
                "http_endpoint": "enabled",
                "http_put_response_hop_limit": 1,
                "http_tokens": "optional"
              }
            ],
            "monitoring": false,
            "network_interface": [],
            "outpost_arn": "",
            "password_data": "",
            "placement_group": "",
            "primary_network_interface_id": "eni-0611c108c81370b87",
            "private_dns": "ip-172-31-10-36.eu-west-2.compute.internal",
            "private_ip": "172.31.10.36",
            "public_dns": "ec2-18-133-185-97.eu-west-2.compute.amazonaws.com",
            "public_ip": "18.133.185.97",
            "root_block_device": [
              {
                "delete_on_termination": true,
                "device_name": "/dev/sda1",
                "encrypted": false,
                "iops": 100,
                "kms_key_id": "",
                "volume_id": "vol-0b7e1f239d2b3d68e",
                "volume_size": 8,
                "volume_type": "gp2"
              }
            ],
            "secondary_private_ips": [],
            "security_groups": [
              "default"
            ],
            "source_dest_check": true,
            "subnet_id": "subnet-3ffba856",
            "tags": {
              "Name": "ubuntu-java"
            },
            "tenancy": "default",
            "timeouts": null,
            "user_data": null,
            "user_data_base64": null,
            "volume_tags": {},
            "vpc_security_group_ids": [
              "sg-33127657"
            ]
          },
          "private": "eyJlMmJmYjczMC1lY2FhLTExZTYtOGY4OC0zNDM2M2JjN2M0YzAiOnsiY3JlYXRlIjo2MDAwMDAwMDAwMDAsImRlbGV0ZSI6MTIwMDAwMDAwMDAwMCwidXBkYXRlIjo2MDAwMDAwMDAwMDB9LCJzY2hlbWFfdmVyc2lvbiI6IjEifQ==",
          "dependencies": [
            "aws_key_pair.example"
          ]
        }
      ]
    },
    {
      "mode": "managed",
      "type": "aws_instance",
      "name": "u2",
      "provider": "provider[\"registry.terraform.io/hashicorp/aws\"]",
      "instances": [
        {
          "schema_version": 1,
          "attributes": {
            "ami": "ami-0fb673bc6ff8fc282",
            "arn": "arn:aws:ec2:eu-west-2:373481132046:instance/i-0e584c028181dded2",
            "associate_public_ip_address": true,
            "availability_zone": "eu-west-2c",
            "cpu_core_count": 1,
            "cpu_threads_per_core": 1,
            "credit_specification": [
              {
                "cpu_credits": "standard"
              }
            ],
            "disable_api_termination": false,
            "ebs_block_device": [],
            "ebs_optimized": false,
            "ephemeral_block_device": [],
            "get_password_data": false,
            "hibernation": false,
            "host_id": null,
            "iam_instance_profile": "",
            "id": "i-0e584c028181dded2",
            "instance_initiated_shutdown_behavior": null,
            "instance_state": "running",
            "instance_type": "t2.micro",
            "ipv6_address_count": 0,
            "ipv6_addresses": [],
            "key_name": "vvkey",
            "metadata_options": [
              {
                "http_endpoint": "enabled",
                "http_put_response_hop_limit": 1,
                "http_tokens": "optional"
              }
            ],
            "monitoring": false,
            "network_interface": [],
            "outpost_arn": "",
            "password_data": "",
            "placement_group": "",
            "primary_network_interface_id": "eni-0026d5449d0465f5c",
            "private_dns": "ip-172-31-2-165.eu-west-2.compute.internal",
            "private_ip": "172.31.2.165",
            "public_dns": "ec2-35-178-178-5.eu-west-2.compute.amazonaws.com",
            "public_ip": "35.178.178.5",
            "root_block_device": [
              {
                "delete_on_termination": true,
                "device_name": "/dev/sda1",
                "encrypted": false,
                "iops": 100,
                "kms_key_id": "",
                "volume_id": "vol-0a50d4ed3bc615759",
                "volume_size": 8,
                "volume_type": "gp2"
              }
            ],
            "secondary_private_ips": [],
            "security_groups": [
              "default"
            ],
            "source_dest_check": true,
            "subnet_id": "subnet-3ffba856",
            "tags": {
              "Name": "ubuntu-mysql"
            },
            "tenancy": "default",
            "timeouts": null,
            "user_data": null,
            "user_data_base64": null,
            "volume_tags": {},
            "vpc_security_group_ids": [
              "sg-33127657"
            ]
          },
          "private": "eyJlMmJmYjczMC1lY2FhLTExZTYtOGY4OC0zNDM2M2JjN2M0YzAiOnsiY3JlYXRlIjo2MDAwMDAwMDAwMDAsImRlbGV0ZSI6MTIwMDAwMDAwMDAwMCwidXBkYXRlIjo2MDAwMDAwMDAwMDB9LCJzY2hlbWFfdmVyc2lvbiI6IjEifQ==",
          "dependencies": [
            "aws_key_pair.example"
          ]
        }
      ]
    },
    {
      "mode": "managed",
      "type": "aws_key_pair",
      "name": "example",
      "provider": "provider[\"registry.terraform.io/hashicorp/aws\"]",
      "instances": [
        {
          "schema_version": 1,
          "attributes": {
            "arn": "arn:aws:ec2:eu-west-2:373481132046:key-pair/vvkey",
            "fingerprint": "c3:9a:61:b9:dc:d5:6f:6e:f9:c9:86:98:fc:9d:93:c0",
            "id": "vvkey",
            "key_name": "vvkey",
            "key_name_prefix": null,
            "key_pair_id": "key-0704750296564d495",
            "public_key": "ssh-rsa AAAAB3NzaC1yc2EAAAADAQABAAABAQDkmXAEUJFUFA7+pfIKpCq/3uCpFC5A3TbRSVoxmfEVMS9SifLh03oG/LSVsih66iZP9rqP+Zx9bfQ1EBKSnsHccdS4u7SMp2vnrPcj9eYLnLz5/4hStodVo9Nw8OhSbxlHUwHDKsbpWXywlPfUuQzb18tR+X2IR2cKRiwuFx3TsM4pyJ+YMSXffYXiD4konf1D0bT/JuoKLe0KNUM6fGtXuClR64iYWC+Q6fEXsyWDToZnEklZn/QoA0mT7wVukcynO/xI+wbseDCq290LRkR951aWonPvCKS3Rqm8KBW5V2jqih3sw4LDNuHDWZj14C5ZBk7aZp1niK47+MiPSVwL jenkins@vvrhel02",
            "tags": null
          },
          "private": "eyJzY2hlbWFfdmVyc2lvbiI6IjEifQ=="
        }
      ]
    },
    {
      "mode": "managed",
      "type": "local_file",
      "name": "AnsibleInventory",
      "provider": "provider[\"registry.terraform.io/hashicorp/local\"]",
      "instances": [
        {
          "schema_version": 0,
          "attributes": {
            "content": "[all]\naws_u1 ansible_host=18.133.185.97 ansible_connection=ssh ansible_user=ubuntu ansible_ssh_private_key_file=vvkey ansible_ssh_common_args='-o StrictHostKeyChecking=no'\naws_u2 ansible_host=35.178.178.5 ansible_connection=ssh ansible_user=ubuntu ansible_ssh_private_key_file=vvkey ansible_ssh_common_args='-o StrictHostKeyChecking=no'\naws_rhel1 ansible_host=3.10.107.138 ansible_connection=ssh ansible_user=ec2-user  ansible_ssh_private_key_file=vvkey ansible_ssh_common_args='-o StrictHostKeyChecking=no'\n\n[aws_instances]\naws_u1\naws_u2\naws_rhel1\n",
            "content_base64": null,
            "directory_permission": "0777",
            "file_permission": "0777",
            "filename": "inventory.txt",
            "id": "9d72bf4e00c51e5f604182899fa8c442ed9a4191",
            "sensitive_content": null
          },
          "private": "bnVsbA==",
          "dependencies": [
            "aws_instance.rhel1",
            "aws_instance.u1",
            "aws_instance.u2",
            "aws_key_pair.example"
          ]
        }
      ]
    },
    {
      "mode": "managed",
      "type": "null_resource",
      "name": "for_ansible",
      "provider": "provider[\"registry.terraform.io/hashicorp/null\"]",
      "instances": [
        {
          "schema_version": 0,
          "attributes": {
            "id": "9186997744774513860",
            "triggers": null
          },
          "private": "bnVsbA==",
          "dependencies": [
            "aws_instance.rhel1",
            "aws_instance.u1",
            "aws_instance.u2",
            "aws_key_pair.example"
          ]
        }
      ]
    }
  ]
}
