{
  "version": 4,
  "terraform_version": "0.13.0",
  "serial": 278,
  "lineage": "0a0ed591-fcd7-0069-49b6-4eb5a149ddf7",
  "outputs": {},
  "resources": [
    {
      "mode": "managed",
      "type": "aws_instance",
      "name": "rhel1",
      "provider": "provider[\"registry.terraform.io/hashicorp/aws\"]",
      "instances": [
        {
          "schema_version": 1,
          "attributes": {
            "ami": "ami-0fc841be1f929d7d1",
            "arn": "arn:aws:ec2:eu-west-2:373481132046:instance/i-0c953a080e29b0d0f",
            "associate_public_ip_address": true,
            "availability_zone": "eu-west-2a",
            "cpu_core_count": 1,
            "cpu_threads_per_core": 1,
            "credit_specification": [
              {
                "cpu_credits": "standard"
              }
            ],
            "disable_api_termination": false,
            "ebs_block_device": [],
            "ebs_optimized": false,
            "ephemeral_block_device": [],
            "get_password_data": false,
            "hibernation": false,
            "host_id": null,
            "iam_instance_profile": "",
            "id": "i-0c953a080e29b0d0f",
            "instance_initiated_shutdown_behavior": null,
            "instance_state": "running",
            "instance_type": "t2.micro",
            "ipv6_address_count": 0,
            "ipv6_addresses": [],
            "key_name": "vvkey",
            "metadata_options": [
              {
                "http_endpoint": "enabled",
                "http_put_response_hop_limit": 1,
                "http_tokens": "optional"
              }
            ],
            "monitoring": false,
            "network_interface": [],
            "outpost_arn": "",
            "password_data": "",
            "placement_group": "",
            "primary_network_interface_id": "eni-034936887aaf7b5c1",
            "private_dns": "ip-172-31-26-80.eu-west-2.compute.internal",
            "private_ip": "172.31.26.80",
            "public_dns": "ec2-18-132-199-170.eu-west-2.compute.amazonaws.com",
            "public_ip": "18.132.199.170",
            "root_block_device": [
              {
                "delete_on_termination": true,
                "device_name": "/dev/sda1",
                "encrypted": false,
                "iops": 100,
                "kms_key_id": "",
                "volume_id": "vol-0f884c3dcae92a8e6",
                "volume_size": 10,
                "volume_type": "gp2"
              }
            ],
            "secondary_private_ips": [],
            "security_groups": [
              "default"
            ],
            "source_dest_check": true,
            "subnet_id": "subnet-251e815f",
            "tags": {
              "Name": "rhel-apache"
            },
            "tenancy": "default",
            "timeouts": null,
            "user_data": null,
            "user_data_base64": null,
            "volume_tags": {},
            "vpc_security_group_ids": [
              "sg-33127657"
            ]
          },
          "private": "eyJlMmJmYjczMC1lY2FhLTExZTYtOGY4OC0zNDM2M2JjN2M0YzAiOnsiY3JlYXRlIjo2MDAwMDAwMDAwMDAsImRlbGV0ZSI6MTIwMDAwMDAwMDAwMCwidXBkYXRlIjo2MDAwMDAwMDAwMDB9LCJzY2hlbWFfdmVyc2lvbiI6IjEifQ==",
          "dependencies": [
            "aws_key_pair.example"
          ]
        }
      ]
    },
    {
      "mode": "managed",
      "type": "aws_instance",
      "name": "u1",
      "provider": "provider[\"registry.terraform.io/hashicorp/aws\"]",
      "instances": [
        {
          "schema_version": 1,
          "attributes": {
            "ami": "ami-0fb673bc6ff8fc282",
            "arn": "arn:aws:ec2:eu-west-2:373481132046:instance/i-003cd7b336c98d08c",
            "associate_public_ip_address": true,
            "availability_zone": "eu-west-2a",
            "cpu_core_count": 1,
            "cpu_threads_per_core": 1,
            "credit_specification": [
              {
                "cpu_credits": "standard"
              }
            ],
            "disable_api_termination": false,
            "ebs_block_device": [],
            "ebs_optimized": false,
            "ephemeral_block_device": [],
            "get_password_data": false,
            "hibernation": false,
            "host_id": null,
            "iam_instance_profile": "",
            "id": "i-003cd7b336c98d08c",
            "instance_initiated_shutdown_behavior": null,
            "instance_state": "running",
            "instance_type": "t2.micro",
            "ipv6_address_count": 0,
            "ipv6_addresses": [],
            "key_name": "vvkey",
            "metadata_options": [
              {
                "http_endpoint": "enabled",
                "http_put_response_hop_limit": 1,
                "http_tokens": "optional"
              }
            ],
            "monitoring": false,
            "network_interface": [],
            "outpost_arn": "",
            "password_data": "",
            "placement_group": "",
            "primary_network_interface_id": "eni-0faf5a66997d3bccb",
            "private_dns": "ip-172-31-30-216.eu-west-2.compute.internal",
            "private_ip": "172.31.30.216",
            "public_dns": "ec2-18-133-158-156.eu-west-2.compute.amazonaws.com",
            "public_ip": "18.133.158.156",
            "root_block_device": [
              {
                "delete_on_termination": true,
                "device_name": "/dev/sda1",
                "encrypted": false,
                "iops": 100,
                "kms_key_id": "",
                "volume_id": "vol-0257dc0c43fa0be5f",
                "volume_size": 8,
                "volume_type": "gp2"
              }
            ],
            "secondary_private_ips": [],
            "security_groups": [
              "default"
            ],
            "source_dest_check": true,
            "subnet_id": "subnet-251e815f",
            "tags": {
              "Name": "ubuntu-java"
            },
            "tenancy": "default",
            "timeouts": null,
            "user_data": null,
            "user_data_base64": null,
            "volume_tags": {},
            "vpc_security_group_ids": [
              "sg-33127657"
            ]
          },
          "private": "eyJlMmJmYjczMC1lY2FhLTExZTYtOGY4OC0zNDM2M2JjN2M0YzAiOnsiY3JlYXRlIjo2MDAwMDAwMDAwMDAsImRlbGV0ZSI6MTIwMDAwMDAwMDAwMCwidXBkYXRlIjo2MDAwMDAwMDAwMDB9LCJzY2hlbWFfdmVyc2lvbiI6IjEifQ==",
          "dependencies": [
            "aws_key_pair.example"
          ]
        }
      ]
    },
    {
      "mode": "managed",
      "type": "aws_instance",
      "name": "u2",
      "provider": "provider[\"registry.terraform.io/hashicorp/aws\"]",
      "instances": [
        {
          "schema_version": 1,
          "attributes": {
            "ami": "ami-0fb673bc6ff8fc282",
            "arn": "arn:aws:ec2:eu-west-2:373481132046:instance/i-045b07128fc253110",
            "associate_public_ip_address": true,
            "availability_zone": "eu-west-2c",
            "cpu_core_count": 1,
            "cpu_threads_per_core": 1,
            "credit_specification": [
              {
                "cpu_credits": "standard"
              }
            ],
            "disable_api_termination": false,
            "ebs_block_device": [],
            "ebs_optimized": false,
            "ephemeral_block_device": [],
            "get_password_data": false,
            "hibernation": false,
            "host_id": null,
            "iam_instance_profile": "",
            "id": "i-045b07128fc253110",
            "instance_initiated_shutdown_behavior": null,
            "instance_state": "running",
            "instance_type": "t2.micro",
            "ipv6_address_count": 0,
            "ipv6_addresses": [],
            "key_name": "vvkey",
            "metadata_options": [
              {
                "http_endpoint": "enabled",
                "http_put_response_hop_limit": 1,
                "http_tokens": "optional"
              }
            ],
            "monitoring": false,
            "network_interface": [],
            "outpost_arn": "",
            "password_data": "",
            "placement_group": "",
            "primary_network_interface_id": "eni-02bb56957289fc61c",
            "private_dns": "ip-172-31-12-29.eu-west-2.compute.internal",
            "private_ip": "172.31.12.29",
            "public_dns": "ec2-3-11-79-120.eu-west-2.compute.amazonaws.com",
            "public_ip": "3.11.79.120",
            "root_block_device": [
              {
                "delete_on_termination": true,
                "device_name": "/dev/sda1",
                "encrypted": false,
                "iops": 100,
                "kms_key_id": "",
                "volume_id": "vol-09291ca0988499bb7",
                "volume_size": 8,
                "volume_type": "gp2"
              }
            ],
            "secondary_private_ips": [],
            "security_groups": [
              "default"
            ],
            "source_dest_check": true,
            "subnet_id": "subnet-3ffba856",
            "tags": {
              "Name": "ubuntu-mysql"
            },
            "tenancy": "default",
            "timeouts": null,
            "user_data": null,
            "user_data_base64": null,
            "volume_tags": {},
            "vpc_security_group_ids": [
              "sg-33127657"
            ]
          },
          "private": "eyJlMmJmYjczMC1lY2FhLTExZTYtOGY4OC0zNDM2M2JjN2M0YzAiOnsiY3JlYXRlIjo2MDAwMDAwMDAwMDAsImRlbGV0ZSI6MTIwMDAwMDAwMDAwMCwidXBkYXRlIjo2MDAwMDAwMDAwMDB9LCJzY2hlbWFfdmVyc2lvbiI6IjEifQ==",
          "dependencies": [
            "aws_key_pair.example"
          ]
        }
      ]
    },
    {
      "mode": "managed",
      "type": "aws_key_pair",
      "name": "example",
      "provider": "provider[\"registry.terraform.io/hashicorp/aws\"]",
      "instances": [
        {
          "schema_version": 1,
          "attributes": {
            "arn": "arn:aws:ec2:eu-west-2:373481132046:key-pair/vvkey",
            "fingerprint": "c3:9a:61:b9:dc:d5:6f:6e:f9:c9:86:98:fc:9d:93:c0",
            "id": "vvkey",
            "key_name": "vvkey",
            "key_name_prefix": null,
            "key_pair_id": "key-0063f058c60576e89",
            "public_key": "ssh-rsa AAAAB3NzaC1yc2EAAAADAQABAAABAQDkmXAEUJFUFA7+pfIKpCq/3uCpFC5A3TbRSVoxmfEVMS9SifLh03oG/LSVsih66iZP9rqP+Zx9bfQ1EBKSnsHccdS4u7SMp2vnrPcj9eYLnLz5/4hStodVo9Nw8OhSbxlHUwHDKsbpWXywlPfUuQzb18tR+X2IR2cKRiwuFx3TsM4pyJ+YMSXffYXiD4konf1D0bT/JuoKLe0KNUM6fGtXuClR64iYWC+Q6fEXsyWDToZnEklZn/QoA0mT7wVukcynO/xI+wbseDCq290LRkR951aWonPvCKS3Rqm8KBW5V2jqih3sw4LDNuHDWZj14C5ZBk7aZp1niK47+MiPSVwL jenkins@vvrhel02",
            "tags": null
          },
          "private": "eyJzY2hlbWFfdmVyc2lvbiI6IjEifQ=="
        }
      ]
    },
    {
      "mode": "managed",
      "type": "local_file",
      "name": "AnsibleInventory",
      "provider": "provider[\"registry.terraform.io/hashicorp/local\"]",
      "instances": [
        {
          "schema_version": 0,
          "attributes": {
            "content": "[all]\naws_u1 ansible_host=18.133.158.156 ansible_connection=ssh ansible_user=ubuntu ansible_ssh_private_key_file=vvkey ansible_ssh_common_args='-o StrictHostKeyChecking=no'\naws_u2 ansible_host=3.11.79.120 ansible_connection=ssh ansible_user=ubuntu ansible_ssh_private_key_file=vvkey ansible_ssh_common_args='-o StrictHostKeyChecking=no'\naws_rhel1 ansible_host=18.132.199.170 ansible_connection=ssh ansible_user=ec2-user  ansible_ssh_private_key_file=vvkey ansible_ssh_common_args='-o StrictHostKeyChecking=no'\n\n[aws_instances]\naws_u1\naws_u2\naws_rhel1\n",
            "content_base64": null,
            "directory_permission": "0777",
            "file_permission": "0777",
            "filename": "inventory.txt",
            "id": "9ff39dbd3ddb7a314b873a21b299e1766eab1dd3",
            "sensitive_content": null
          },
          "private": "bnVsbA==",
          "dependencies": [
            "aws_instance.rhel1",
            "aws_instance.u1",
            "aws_instance.u2",
            "aws_key_pair.example"
          ]
        }
      ]
    },
    {
      "mode": "managed",
      "type": "null_resource",
      "name": "for_ansible",
      "provider": "provider[\"registry.terraform.io/hashicorp/null\"]",
      "instances": [
        {
          "schema_version": 0,
          "attributes": {
            "id": "27460782392494312",
            "triggers": null
          },
          "private": "bnVsbA==",
          "dependencies": [
            "aws_instance.rhel1",
            "aws_instance.u1",
            "aws_instance.u2",
            "aws_key_pair.example"
          ]
        }
      ]
    }
  ]
}
